
Microsoft Visual Studio Solution File, Format Version 12.00
# Visual Studio Version 16
VisualStudioVersion = 16.0.29519.87
MinimumVisualStudioVersion = 10.0.40219.1
Project("{9A19103F-16F7-4668-BE54-9A1E7A4F7556}") = "LightHouse.Lib", "LightHouse.Lib\LightHouse.Lib.csproj", "{0DD0743C-2043-4CD4-894B-A8F325E1A72E}"
EndProject
Project("{9A19103F-16F7-4668-BE54-9A1E7A4F7556}") = "LightHouse.Delcom.SignalLight", "LightHouse.Delcom.SignalLight\LightHouse.Delcom.SignalLight.csproj", "{A6EAD011-4F27-46FA-BAA6-CFCF4EDF1EF5}"
EndProject
Project("{9A19103F-16F7-4668-BE54-9A1E7A4F7556}") = "LightHouseSpecs", "LightHouse.Specs\LightHouseSpecs.csproj", "{CAFB78F2-8DB8-42F1-BA63-9D12A3FCC34D}"
EndProject
Project("{9A19103F-16F7-4668-BE54-9A1E7A4F7556}") = "LightHouse.BuildProviders.DevOps", "LightHouse.BuildProviders.DevOps\LightHouse.BuildProviders.DevOps.csproj", "{21115B94-38C4-41F8-B96B-18FC7079CEF2}"
EndProject
Project("{9A19103F-16F7-4668-BE54-9A1E7A4F7556}") = "LightHouse", "LightHouse\LightHouse.csproj", "{D38BA179-6A1B-4E5F-9285-EA74753F3F42}"
EndProject
Project("{FAE04EC0-301F-11D3-BF4B-00C04F79EFBC}") = "Lighthouse.UI", "Lighthouse.UI\Lighthouse.UI.csproj", "{392E9258-30C0-4CF6-B07D-FD0BAA917BC3}"
EndProject
Global
	GlobalSection(SolutionConfigurationPlatforms) = preSolution
		Debug|Any CPU = Debug|Any CPU
		Debug|ARM = Debug|ARM
		Debug|x64 = Debug|x64
		Debug|x86 = Debug|x86
		Release|Any CPU = Release|Any CPU
		Release|ARM = Release|ARM
		Release|x64 = Release|x64
		Release|x86 = Release|x86
	EndGlobalSection
	GlobalSection(ProjectConfigurationPlatforms) = postSolution
		{0DD0743C-2043-4CD4-894B-A8F325E1A72E}.Debug|Any CPU.ActiveCfg = Debug|Any CPU
		{0DD0743C-2043-4CD4-894B-A8F325E1A72E}.Debug|Any CPU.Build.0 = Debug|Any CPU
		{0DD0743C-2043-4CD4-894B-A8F325E1A72E}.Debug|ARM.ActiveCfg = Debug|Any CPU
		{0DD0743C-2043-4CD4-894B-A8F325E1A72E}.Debug|ARM.Build.0 = Debug|Any CPU
		{0DD0743C-2043-4CD4-894B-A8F325E1A72E}.Debug|x64.ActiveCfg = Debug|Any CPU
		{0DD0743C-2043-4CD4-894B-A8F325E1A72E}.Debug|x64.Build.0 = Debug|Any CPU
		{0DD0743C-2043-4CD4-894B-A8F325E1A72E}.Debug|x86.ActiveCfg = Debug|Any CPU
		{0DD0743C-2043-4CD4-894B-A8F325E1A72E}.Debug|x86.Build.0 = Debug|Any CPU
		{0DD0743C-2043-4CD4-894B-A8F325E1A72E}.Release|Any CPU.ActiveCfg = Release|Any CPU
		{0DD0743C-2043-4CD4-894B-A8F325E1A72E}.Release|Any CPU.Build.0 = Release|Any CPU
		{0DD0743C-2043-4CD4-894B-A8F325E1A72E}.Release|ARM.ActiveCfg = Release|Any CPU
		{0DD0743C-2043-4CD4-894B-A8F325E1A72E}.Release|ARM.Build.0 = Release|Any CPU
		{0DD0743C-2043-4CD4-894B-A8F325E1A72E}.Release|x64.ActiveCfg = Release|Any CPU
		{0DD0743C-2043-4CD4-894B-A8F325E1A72E}.Release|x64.Build.0 = Release|Any CPU
		{0DD0743C-2043-4CD4-894B-A8F325E1A72E}.Release|x86.ActiveCfg = Release|Any CPU
		{0DD0743C-2043-4CD4-894B-A8F325E1A72E}.Release|x86.Build.0 = Release|Any CPU
		{A6EAD011-4F27-46FA-BAA6-CFCF4EDF1EF5}.Debug|Any CPU.ActiveCfg = Debug|Any CPU
		{A6EAD011-4F27-46FA-BAA6-CFCF4EDF1EF5}.Debug|Any CPU.Build.0 = Debug|Any CPU
		{A6EAD011-4F27-46FA-BAA6-CFCF4EDF1EF5}.Debug|ARM.ActiveCfg = Debug|Any CPU
		{A6EAD011-4F27-46FA-BAA6-CFCF4EDF1EF5}.Debug|ARM.Build.0 = Debug|Any CPU
		{A6EAD011-4F27-46FA-BAA6-CFCF4EDF1EF5}.Debug|x64.ActiveCfg = Debug|Any CPU
		{A6EAD011-4F27-46FA-BAA6-CFCF4EDF1EF5}.Debug|x64.Build.0 = Debug|Any CPU
		{A6EAD011-4F27-46FA-BAA6-CFCF4EDF1EF5}.Debug|x86.ActiveCfg = Debug|Any CPU
		{A6EAD011-4F27-46FA-BAA6-CFCF4EDF1EF5}.Debug|x86.Build.0 = Debug|Any CPU
		{A6EAD011-4F27-46FA-BAA6-CFCF4EDF1EF5}.Release|Any CPU.ActiveCfg = Release|Any CPU
		{A6EAD011-4F27-46FA-BAA6-CFCF4EDF1EF5}.Release|Any CPU.Build.0 = Release|Any CPU
		{A6EAD011-4F27-46FA-BAA6-CFCF4EDF1EF5}.Release|ARM.ActiveCfg = Release|Any CPU
		{A6EAD011-4F27-46FA-BAA6-CFCF4EDF1EF5}.Release|ARM.Build.0 = Release|Any CPU
		{A6EAD011-4F27-46FA-BAA6-CFCF4EDF1EF5}.Release|x64.ActiveCfg = Release|Any CPU
		{A6EAD011-4F27-46FA-BAA6-CFCF4EDF1EF5}.Release|x64.Build.0 = Release|Any CPU
		{A6EAD011-4F27-46FA-BAA6-CFCF4EDF1EF5}.Release|x86.ActiveCfg = Release|Any CPU
		{A6EAD011-4F27-46FA-BAA6-CFCF4EDF1EF5}.Release|x86.Build.0 = Release|Any CPU
		{CAFB78F2-8DB8-42F1-BA63-9D12A3FCC34D}.Debug|Any CPU.ActiveCfg = Debug|Any CPU
		{CAFB78F2-8DB8-42F1-BA63-9D12A3FCC34D}.Debug|Any CPU.Build.0 = Debug|Any CPU
		{CAFB78F2-8DB8-42F1-BA63-9D12A3FCC34D}.Debug|ARM.ActiveCfg = Debug|Any CPU
		{CAFB78F2-8DB8-42F1-BA63-9D12A3FCC34D}.Debug|ARM.Build.0 = Debug|Any CPU
		{CAFB78F2-8DB8-42F1-BA63-9D12A3FCC34D}.Debug|x64.ActiveCfg = Debug|Any CPU
		{CAFB78F2-8DB8-42F1-BA63-9D12A3FCC34D}.Debug|x64.Build.0 = Debug|Any CPU
		{CAFB78F2-8DB8-42F1-BA63-9D12A3FCC34D}.Debug|x86.ActiveCfg = Debug|Any CPU
		{CAFB78F2-8DB8-42F1-BA63-9D12A3FCC34D}.Debug|x86.Build.0 = Debug|Any CPU
		{CAFB78F2-8DB8-42F1-BA63-9D12A3FCC34D}.Release|Any CPU.ActiveCfg = Release|Any CPU
		{CAFB78F2-8DB8-42F1-BA63-9D12A3FCC34D}.Release|Any CPU.Build.0 = Release|Any CPU
		{CAFB78F2-8DB8-42F1-BA63-9D12A3FCC34D}.Release|ARM.ActiveCfg = Release|Any CPU
		{CAFB78F2-8DB8-42F1-BA63-9D12A3FCC34D}.Release|ARM.Build.0 = Release|Any CPU
		{CAFB78F2-8DB8-42F1-BA63-9D12A3FCC34D}.Release|x64.ActiveCfg = Release|Any CPU
		{CAFB78F2-8DB8-42F1-BA63-9D12A3FCC34D}.Release|x64.Build.0 = Release|Any CPU
		{CAFB78F2-8DB8-42F1-BA63-9D12A3FCC34D}.Release|x86.ActiveCfg = Release|Any CPU
		{CAFB78F2-8DB8-42F1-BA63-9D12A3FCC34D}.Release|x86.Build.0 = Release|Any CPU
		{21115B94-38C4-41F8-B96B-18FC7079CEF2}.Debug|Any CPU.ActiveCfg = Debug|Any CPU
		{21115B94-38C4-41F8-B96B-18FC7079CEF2}.Debug|Any CPU.Build.0 = Debug|Any CPU
		{21115B94-38C4-41F8-B96B-18FC7079CEF2}.Debug|ARM.ActiveCfg = Debug|Any CPU
		{21115B94-38C4-41F8-B96B-18FC7079CEF2}.Debug|ARM.Build.0 = Debug|Any CPU
		{21115B94-38C4-41F8-B96B-18FC7079CEF2}.Debug|x64.ActiveCfg = Debug|Any CPU
		{21115B94-38C4-41F8-B96B-18FC7079CEF2}.Debug|x64.Build.0 = Debug|Any CPU
		{21115B94-38C4-41F8-B96B-18FC7079CEF2}.Debug|x86.ActiveCfg = Debug|Any CPU
		{21115B94-38C4-41F8-B96B-18FC7079CEF2}.Debug|x86.Build.0 = Debug|Any CPU
		{21115B94-38C4-41F8-B96B-18FC7079CEF2}.Release|Any CPU.ActiveCfg = Release|Any CPU
		{21115B94-38C4-41F8-B96B-18FC7079CEF2}.Release|Any CPU.Build.0 = Release|Any CPU
		{21115B94-38C4-41F8-B96B-18FC7079CEF2}.Release|ARM.ActiveCfg = Release|Any CPU
		{21115B94-38C4-41F8-B96B-18FC7079CEF2}.Release|ARM.Build.0 = Release|Any CPU
		{21115B94-38C4-41F8-B96B-18FC7079CEF2}.Release|x64.ActiveCfg = Release|Any CPU
		{21115B94-38C4-41F8-B96B-18FC7079CEF2}.Release|x64.Build.0 = Release|Any CPU
		{21115B94-38C4-41F8-B96B-18FC7079CEF2}.Release|x86.ActiveCfg = Release|Any CPU
		{21115B94-38C4-41F8-B96B-18FC7079CEF2}.Release|x86.Build.0 = Release|Any CPU
		{D38BA179-6A1B-4E5F-9285-EA74753F3F42}.Debug|Any CPU.ActiveCfg = Debug|Any CPU
		{D38BA179-6A1B-4E5F-9285-EA74753F3F42}.Debug|Any CPU.Build.0 = Debug|Any CPU
		{D38BA179-6A1B-4E5F-9285-EA74753F3F42}.Debug|ARM.ActiveCfg = Debug|Any CPU
		{D38BA179-6A1B-4E5F-9285-EA74753F3F42}.Debug|ARM.Build.0 = Debug|Any CPU
		{D38BA179-6A1B-4E5F-9285-EA74753F3F42}.Debug|x64.ActiveCfg = Debug|Any CPU
		{D38BA179-6A1B-4E5F-9285-EA74753F3F42}.Debug|x64.Build.0 = Debug|Any CPU
		{D38BA179-6A1B-4E5F-9285-EA74753F3F42}.Debug|x86.ActiveCfg = Debug|Any CPU
		{D38BA179-6A1B-4E5F-9285-EA74753F3F42}.Debug|x86.Build.0 = Debug|Any CPU
		{D38BA179-6A1B-4E5F-9285-EA74753F3F42}.Release|Any CPU.ActiveCfg = Release|Any CPU
		{D38BA179-6A1B-4E5F-9285-EA74753F3F42}.Release|Any CPU.Build.0 = Release|Any CPU
		{D38BA179-6A1B-4E5F-9285-EA74753F3F42}.Release|ARM.ActiveCfg = Release|Any CPU
		{D38BA179-6A1B-4E5F-9285-EA74753F3F42}.Release|ARM.Build.0 = Release|Any CPU
		{D38BA179-6A1B-4E5F-9285-EA74753F3F42}.Release|x64.ActiveCfg = Release|Any CPU
		{D38BA179-6A1B-4E5F-9285-EA74753F3F42}.Release|x64.Build.0 = Release|Any CPU
		{D38BA179-6A1B-4E5F-9285-EA74753F3F42}.Release|x86.ActiveCfg = Release|Any CPU
		{D38BA179-6A1B-4E5F-9285-EA74753F3F42}.Release|x86.Build.0 = Release|Any CPU
		{392E9258-30C0-4CF6-B07D-FD0BAA917BC3}.Debug|Any CPU.ActiveCfg = Debug|Any CPU
		{392E9258-30C0-4CF6-B07D-FD0BAA917BC3}.Debug|Any CPU.Build.0 = Debug|Any CPU
		{392E9258-30C0-4CF6-B07D-FD0BAA917BC3}.Debug|ARM.ActiveCfg = Debug|Any CPU
		{392E9258-30C0-4CF6-B07D-FD0BAA917BC3}.Debug|ARM.Build.0 = Debug|Any CPU
		{392E9258-30C0-4CF6-B07D-FD0BAA917BC3}.Debug|x64.ActiveCfg = Debug|Any CPU
		{392E9258-30C0-4CF6-B07D-FD0BAA917BC3}.Debug|x64.Build.0 = Debug|Any CPU
		{392E9258-30C0-4CF6-B07D-FD0BAA917BC3}.Debug|x86.ActiveCfg = Debug|Any CPU
		{392E9258-30C0-4CF6-B07D-FD0BAA917BC3}.Debug|x86.Build.0 = Debug|Any CPU
		{392E9258-30C0-4CF6-B07D-FD0BAA917BC3}.Release|Any CPU.ActiveCfg = Release|Any CPU
		{392E9258-30C0-4CF6-B07D-FD0BAA917BC3}.Release|Any CPU.Build.0 = Release|Any CPU
		{392E9258-30C0-4CF6-B07D-FD0BAA917BC3}.Release|ARM.ActiveCfg = Release|Any CPU
		{392E9258-30C0-4CF6-B07D-FD0BAA917BC3}.Release|ARM.Build.0 = Release|Any CPU
		{392E9258-30C0-4CF6-B07D-FD0BAA917BC3}.Release|x64.ActiveCfg = Release|Any CPU
		{392E9258-30C0-4CF6-B07D-FD0BAA917BC3}.Release|x64.Build.0 = Release|Any CPU
		{392E9258-30C0-4CF6-B07D-FD0BAA917BC3}.Release|x86.ActiveCfg = Release|Any CPU
		{392E9258-30C0-4CF6-B07D-FD0BAA917BC3}.Release|x86.Build.0 = Release|Any CPU
	EndGlobalSection
	GlobalSection(SolutionProperties) = preSolution
		HideSolutionNode = FALSE
	EndGlobalSection
	GlobalSection(ExtensibilityGlobals) = postSolution
		SolutionGuid = {6D30DB1F-1581-41F2-9A08-43545C33D6A3}
	EndGlobalSection
EndGlobal
